{
    "name": "collection-core",
    "version": "1.0.0",
    "lockfileVersion": 1,
    "requires": true,
    "dependencies": {
        "@esfx/collection-core": {
            "version": "1.0.0-pre.2",
            "resolved": "https://registry.npmjs.org/@esfx/collection-core/-/collection-core-1.0.0-pre.2.tgz",
            "integrity": "sha512-cYDSSl4p0AKCOf/JZbtSVkJZx6KTMrIz+lRDjiVPOispGjAL6v+Bxzn80v6Vig61uMqLVYas5GSsjhvhSzE7/Q==",
            "requires": {
                "@esfx/internal-guards": "^1.0.0-pre.2"
            }
        },
        "@esfx/collection-core-shim": {
            "version": "1.0.0-pre.2",
            "resolved": "https://registry.npmjs.org/@esfx/collection-core-shim/-/collection-core-shim-1.0.0-pre.2.tgz",
            "integrity": "sha512-Slsb4hBDgqcIrF8gT/V+VK7hGdVcmLi9wrUhtqOCHw9voL+iiuyR0dxuVGdsE+waFrV/rhjtwWV6myMdRxgksg==",
            "requires": {
                "@esfx/collection-core": "^1.0.0-pre.2"
            }
        },
        "@esfx/internal-guards": {
            "version": "1.0.0-pre.2",
            "resolved": "https://registry.npmjs.org/@esfx/internal-guards/-/internal-guards-1.0.0-pre.2.tgz",
            "integrity": "sha512-2p6rlxv3UGnibur4ao+wFmTisEMQWZWxjRsu2E7FVDZnmuAzoT1YsfVFT8TD2gJP0gblbv21329bKBm5TBQmrA=="
        }
    }
}
